
Microsoft Visual Studio Solution File, Format Version 12.00
# Visual Studio Version 16
VisualStudioVersion = 16.0.31729.503
MinimumVisualStudioVersion = 10.0.40219.1
Project("{FAE04EC0-301F-11D3-BF4B-00C04F79EFBC}") = "ConsoleApp204", "ConsoleApp204.csproj", "{3533EC99-04E4-4841-9DB3-B1012F6306C6}"
EndProject
Global
	GlobalSection(SolutionConfigurationPlatforms) = preSolution
		Debug|Any CPU = Debug|Any CPU
		Release|Any CPU = Release|Any CPU
	EndGlobalSection
	GlobalSection(ProjectConfigurationPlatforms) = postSolution
		{3533EC99-04E4-4841-9DB3-B1012F6306C6}.Debug|Any CPU.ActiveCfg = Debug|Any CPU
		{3533EC99-04E4-4841-9DB3-B1012F6306C6}.Debug|Any CPU.Build.0 = Debug|Any CPU
		{3533EC99-04E4-4841-9DB3-B1012F6306C6}.Release|Any CPU.ActiveCfg = Release|Any CPU
		{3533EC99-04E4-4841-9DB3-B1012F6306C6}.Release|Any CPU.Build.0 = Release|Any CPU
	EndGlobalSection
	GlobalSection(SolutionProperties) = preSolution
		HideSolutionNode = FALSE
	EndGlobalSection
	GlobalSection(ExtensibilityGlobals) = postSolution
		SolutionGuid = {5E0CC934-9D14-4036-A577-A534C9BB48DA}
	EndGlobalSection
EndGlobal
